// !$*UTF8*$!
{
	archiveVersion = 1;
	classes = {
	};
	objectVersion = 77;
	objects = {

/* Begin PBXBuildFile section */
		B26402442F55C627004AD8C0 /* AdvancedSettingsView.swift in Sources */ = {isa = PBXBuildFile; fileRef = B26402432F55C627004AD8C0 /* AdvancedSettingsView.swift */; };
		B2695C822F54053500AECE31 /* Sosumi.aiff in Resources */ = {isa = PBXBuildFile; fileRef = B2695C812F54053500AECE31 /* Sosumi.aiff */; };
		B2695C842F54053F00AECE31 /* Funk.aiff in Resources */ = {isa = PBXBuildFile; fileRef = B2695C832F54053F00AECE31 /* Funk.aiff */; };
		B2695C872F54056500AECE31 /* Basso.aiff in Resources */ = {isa = PBXBuildFile; fileRef = B2695C852F54056500AECE31 /* Basso.aiff */; };
		B2695C882F54056500AECE31 /* Blow.aiff in Resources */ = {isa = PBXBuildFile; fileRef = B2695C862F54056500AECE31 /* Blow.aiff */; };
		B2822C1D2F52C68A00FFC06E /* ReadMe.swift in Sources */ = {isa = PBXBuildFile; fileRef = B2822C1C2F52C68600FFC06E /* ReadMe.swift */; };
		B29A9EDA2F51E26200CFAE37 /* PreferencesView.swift in Sources */ = {isa = PBXBuildFile; fileRef = B29A9ED92F51E24B00CFAE37 /* PreferencesView.swift */; };
		B2C4254C2F51E4EF00B5981A /* MacBridgeApp.swift in Sources */ = {isa = PBXBuildFile; fileRef = B2C4254B2F51E4E900B5981A /* MacBridgeApp.swift */; };
		B2CAC0232F4C2FE5000072C7 /* Assets.xcassets in Resources */ = {isa = PBXBuildFile; fileRef = B2CAC01D2F4C2FE5000072C7 /* Assets.xcassets */; };
		B2CAC0282F4C30F1000072C7 /* MacBridge.swift in Sources */ = {isa = PBXBuildFile; fileRef = B2CAC0272F4C30F1000072C7 /* MacBridge.swift */; };
		B2CAC02A2F4C3125000072C7 /* ContentView.swift in Sources */ = {isa = PBXBuildFile; fileRef = B2CAC0292F4C3125000072C7 /* ContentView.swift */; };
		B2CAC02C2F4C314B000072C7 /* adb in Resources */ = {isa = PBXBuildFile; fileRef = B2CAC02B2F4C314B000072C7 /* adb */; };
		B2CAC02E2F4C32C7000072C7 /* FAQData.swift in Sources */ = {isa = PBXBuildFile; fileRef = B2CAC02D2F4C32C7000072C7 /* FAQData.swift */; };
/* End PBXBuildFile section */

/* Begin PBXContainerItemProxy section */
		B2CAC0012F4C2F8E000072C7 /* PBXContainerItemProxy */ = {
			isa = PBXContainerItemProxy;
			containerPortal = B2CABFEB2F4C2F8D000072C7 /* Project object */;
			proxyType = 1;
			remoteGlobalIDString = B2CABFF22F4C2F8D000072C7;
			remoteInfo = MacBridge;
		};
		B2CAC00B2F4C2F8E000072C7 /* PBXContainerItemProxy */ = {
			isa = PBXContainerItemProxy;
			containerPortal = B2CABFEB2F4C2F8D000072C7 /* Project object */;
			proxyType = 1;
			remoteGlobalIDString = B2CABFF22F4C2F8D000072C7;
			remoteInfo = MacBridge;
		};
/* End PBXContainerItemProxy section */

/* Begin PBXFileReference section */
		B26402432F55C627004AD8C0 /* AdvancedSettingsView.swift */ = {isa = PBXFileReference; lastKnownFileType = sourcecode.swift; path = AdvancedSettingsView.swift; sourceTree = "<group>"; };
		B2695C812F54053500AECE31 /* Sosumi.aiff */ = {isa = PBXFileReference; lastKnownFileType = audio.aiff; path = Sosumi.aiff; sourceTree = "<group>"; };
		B2695C832F54053F00AECE31 /* Funk.aiff */ = {isa = PBXFileReference; lastKnownFileType = audio.aiff; path = Funk.aiff; sourceTree = "<group>"; };
		B2695C852F54056500AECE31 /* Basso.aiff */ = {isa = PBXFileReference; lastKnownFileType = audio.aiff; path = Basso.aiff; sourceTree = "<group>"; };
		B2695C862F54056500AECE31 /* Blow.aiff */ = {isa = PBXFileReference; lastKnownFileType = audio.aiff; path = Blow.aiff; sourceTree = "<group>"; };
		B2822C1C2F52C68600FFC06E /* ReadMe.swift */ = {isa = PBXFileReference; lastKnownFileType = sourcecode.swift; path = ReadMe.swift; sourceTree = "<group>"; };
		B29A9ED92F51E24B00CFAE37 /* PreferencesView.swift */ = {isa = PBXFileReference; lastKnownFileType = sourcecode.swift; path = PreferencesView.swift; sourceTree = "<group>"; };
		B2C4254B2F51E4E900B5981A /* MacBridgeApp.swift */ = {isa = PBXFileReference; lastKnownFileType = sourcecode.swift; path = MacBridgeApp.swift; sourceTree = "<group>"; };
		B2CABFF32F4C2F8D000072C7 /* MacBridge.app */ = {isa = PBXFileReference; explicitFileType = wrapper.application; includeInIndex = 0; path = MacBridge.app; sourceTree = BUILT_PRODUCTS_DIR; };
		B2CAC0002F4C2F8E000072C7 /* MacBridgeTests.xctest */ = {isa = PBXFileReference; explicitFileType = wrapper.cfbundle; includeInIndex = 0; path = MacBridgeTests.xctest; sourceTree = BUILT_PRODUCTS_DIR; };
		B2CAC00A2F4C2F8E000072C7 /* MacBridgeUITests.xctest */ = {isa = PBXFileReference; explicitFileType = wrapper.cfbundle; includeInIndex = 0; path = MacBridgeUITests.xctest; sourceTree = BUILT_PRODUCTS_DIR; };
		B2CAC01D2F4C2FE5000072C7 /* Assets.xcassets */ = {isa = PBXFileReference; lastKnownFileType = folder.assetcatalog; path = Assets.xcassets; sourceTree = "<group>"; };
		B2CAC0272F4C30F1000072C7 /* MacBridge.swift */ = {isa = PBXFileReference; lastKnownFileType = sourcecode.swift; path = MacBridge.swift; sourceTree = "<group>"; };
		B2CAC0292F4C3125000072C7 /* ContentView.swift */ = {isa = PBXFileReference; lastKnownFileType = sourcecode.swift; path = ContentView.swift; sourceTree = "<group>"; };
		B2CAC02B2F4C314B000072C7 /* adb */ = {isa = PBXFileReference; lastKnownFileType = "compiled.mach-o.executable"; path = adb; sourceTree = "<group>"; };
		B2CAC02D2F4C32C7000072C7 /* FAQData.swift */ = {isa = PBXFileReference; lastKnownFileType = sourcecode.swift; path = FAQData.swift; sourceTree = "<group>"; };
/* End PBXFileReference section */

/* Begin PBXFileSystemSynchronizedRootGroup section */
		B2CAC0032F4C2F8E000072C7 /* MacBridgeTests */ = {
			isa = PBXFileSystemSynchronizedRootGroup;
			path = MacBridgeTests;
			sourceTree = "<group>";
		};
		B2CAC00D2F4C2F8E000072C7 /* MacBridgeUITests */ = {
			isa = PBXFileSystemSynchronizedRootGroup;
			path = MacBridgeUITests;
			sourceTree = "<group>";
		};
/* End PBXFileSystemSynchronizedRootGroup section */

/* Begin PBXFrameworksBuildPhase section */
		B2CABFF02F4C2F8D000072C7 /* Frameworks */ = {
			isa = PBXFrameworksBuildPhase;
			buildActionMask = 2147483647;
			files = (
			);
			runOnlyForDeploymentPostprocessing = 0;
		};
		B2CABFFD2F4C2F8E000072C7 /* Frameworks */ = {
			isa = PBXFrameworksBuildPhase;
			buildActionMask = 2147483647;
			files = (
			);
			runOnlyForDeploymentPostprocessing = 0;
		};
		B2CAC0072F4C2F8E000072C7 /* Frameworks */ = {
			isa = PBXFrameworksBuildPhase;
			buildActionMask = 2147483647;
			files = (
			);
			runOnlyForDeploymentPostprocessing = 0;
		};
/* End PBXFrameworksBuildPhase section */

/* Begin PBXGroup section */
		B2695C892F5405DA00AECE31 /* Sounds */ = {
			isa = PBXGroup;
			children = (
				B2695C812F54053500AECE31 /* Sosumi.aiff */,
				B2695C852F54056500AECE31 /* Basso.aiff */,
				B2695C862F54056500AECE31 /* Blow.aiff */,
				B2695C832F54053F00AECE31 /* Funk.aiff */,
			);
			path = Sounds;
			sourceTree = "<group>";
		};
		B2CABFEA2F4C2F8D000072C7 = {
			isa = PBXGroup;
			children = (
				B2CAC0202F4C2FE5000072C7 /* MacBridge */,
				B2CAC0032F4C2F8E000072C7 /* MacBridgeTests */,
				B2CAC00D2F4C2F8E000072C7 /* MacBridgeUITests */,
				B2CABFF42F4C2F8D000072C7 /* Products */,
			);
			sourceTree = "<group>";
		};
		B2CABFF42F4C2F8D000072C7 /* Products */ = {
			isa = PBXGroup;
			children = (
				B2CABFF32F4C2F8D000072C7 /* MacBridge.app */,
				B2CAC0002F4C2F8E000072C7 /* MacBridgeTests.xctest */,
				B2CAC00A2F4C2F8E000072C7 /* MacBridgeUITests.xctest */,
			);
			name = Products;
			sourceTree = "<group>";
		};
		B2CAC0202F4C2FE5000072C7 /* MacBridge */ = {
			isa = PBXGroup;
			children = (
				B2CAC0262F4C3001000072C7 /* Resources */,
				B2CAC0252F4C2FFC000072C7 /* Core */,
				B2CAC0242F4C2FF2000072C7 /* UI */,
				B2CAC01D2F4C2FE5000072C7 /* Assets.xcassets */,
			);
			path = MacBridge;
			sourceTree = "<group>";
		};
		B2CAC0242F4C2FF2000072C7 /* UI */ = {
			isa = PBXGroup;
			children = (
				B2822C1C2F52C68600FFC06E /* ReadMe.swift */,
				B2C4254B2F51E4E900B5981A /* MacBridgeApp.swift */,
				B29A9ED92F51E24B00CFAE37 /* PreferencesView.swift */,
				B2CAC0292F4C3125000072C7 /* ContentView.swift */,
				B2CAC02D2F4C32C7000072C7 /* FAQData.swift */,
				B26402432F55C627004AD8C0 /* AdvancedSettingsView.swift */,
			);
			path = UI;
			sourceTree = "<group>";
		};
		B2CAC0252F4C2FFC000072C7 /* Core */ = {
			isa = PBXGroup;
			children = (
				B2CAC0272F4C30F1000072C7 /* MacBridge.swift */,
			);
			path = Core;
			sourceTree = "<group>";
		};
		B2CAC0262F4C3001000072C7 /* Resources */ = {
			isa = PBXGroup;
			children = (
				B2695C892F5405DA00AECE31 /* Sounds */,
				B2CAC02B2F4C314B000072C7 /* adb */,
			);
			path = Resources;
			sourceTree = "<group>";
		};
/* End PBXGroup section */

/* Begin PBXNativeTarget section */
		B2CABFF22F4C2F8D000072C7 /* MacBridge */ = {
			isa = PBXNativeTarget;
			buildConfigurationList = B2CAC0142F4C2F8E000072C7 /* Build configuration list for PBXNativeTarget "MacBridge" */;
			buildPhases = (
				B2CABFEF2F4C2F8D000072C7 /* Sources */,
				B2CABFF02F4C2F8D000072C7 /* Frameworks */,
				B2CABFF12F4C2F8D000072C7 /* Resources */,
			);
			buildRules = (
			);
			dependencies = (
			);
			name = MacBridge;
			packageProductDependencies = (
			);
			productName = MacBridge;
			productReference = B2CABFF32F4C2F8D000072C7 /* MacBridge.app */;
			productType = "com.apple.product-type.application";
		};
		B2CABFFF2F4C2F8E000072C7 /* MacBridgeTests */ = {
			isa = PBXNativeTarget;
			buildConfigurationList = B2CAC0172F4C2F8E000072C7 /* Build configuration list for PBXNativeTarget "MacBridgeTests" */;
			buildPhases = (
				B2CABFFC2F4C2F8E000072C7 /* Sources */,
				B2CABFFD2F4C2F8E000072C7 /* Frameworks */,
				B2CABFFE2F4C2F8E000072C7 /* Resources */,
			);
			buildRules = (
			);
			dependencies = (
				B2CAC0022F4C2F8E000072C7 /* PBXTargetDependency */,
			);
			fileSystemSynchronizedGroups = (
				B2CAC0032F4C2F8E000072C7 /* MacBridgeTests */,
			);
			name = MacBridgeTests;
			packageProductDependencies = (
			);
			productName = MacBridgeTests;
			productReference = B2CAC0002F4C2F8E000072C7 /* MacBridgeTests.xctest */;
			productType = "com.apple.product-type.bundle.unit-test";
		};
		B2CAC0092F4C2F8E000072C7 /* MacBridgeUITests */ = {
			isa = PBXNativeTarget;
			buildConfigurationList = B2CAC01A2F4C2F8E000072C7 /* Build configuration list for PBXNativeTarget "MacBridgeUITests" */;
			buildPhases = (
				B2CAC0062F4C2F8E000072C7 /* Sources */,
				B2CAC0072F4C2F8E000072C7 /* Frameworks */,
				B2CAC0082F4C2F8E000072C7 /* Resources */,
			);
			buildRules = (
			);
			dependencies = (
				B2CAC00C2F4C2F8E000072C7 /* PBXTargetDependency */,
			);
			fileSystemSynchronizedGroups = (
				B2CAC00D2F4C2F8E000072C7 /* MacBridgeUITests */,
			);
			name = MacBridgeUITests;
			packageProductDependencies = (
			);
			productName = MacBridgeUITests;
			productReference = B2CAC00A2F4C2F8E000072C7 /* MacBridgeUITests.xctest */;
			productType = "com.apple.product-type.bundle.ui-testing";
		};
/* End PBXNativeTarget section */

/* Begin PBXProject section */
		B2CABFEB2F4C2F8D000072C7 /* Project object */ = {
			isa = PBXProject;
			attributes = {
				BuildIndependentTargetsInParallel = 1;
				LastSwiftUpdateCheck = 2620;
				LastUpgradeCheck = 2620;
				TargetAttributes = {
					B2CABFF22F4C2F8D000072C7 = {
						CreatedOnToolsVersion = 26.2;
					};
					B2CABFFF2F4C2F8E000072C7 = {
						CreatedOnToolsVersion = 26.2;
						TestTargetID = B2CABFF22F4C2F8D000072C7;
					};
					B2CAC0092F4C2F8E000072C7 = {
						CreatedOnToolsVersion = 26.2;
						TestTargetID = B2CABFF22F4C2F8D000072C7;
					};
				};
			};
			buildConfigurationList = B2CABFEE2F4C2F8D000072C7 /* Build configuration list for PBXProject "MacBridge" */;
			developmentRegion = en;
			hasScannedForEncodings = 0;
			knownRegions = (
				en,
				Base,
			);
			mainGroup = B2CABFEA2F4C2F8D000072C7;
			minimizedProjectReferenceProxies = 1;
			preferredProjectObjectVersion = 77;
			productRefGroup = B2CABFF42F4C2F8D000072C7 /* Products */;
			projectDirPath = "";
			projectRoot = "";
			targets = (
				B2CABFF22F4C2F8D000072C7 /* MacBridge */,
				B2CABFFF2F4C2F8E000072C7 /* MacBridgeTests */,
				B2CAC0092F4C2F8E000072C7 /* MacBridgeUITests */,
			);
		};
/* End PBXProject section */

/* Begin PBXResourcesBuildPhase section */
		B2CABFF12F4C2F8D000072C7 /* Resources */ = {
			isa = PBXResourcesBuildPhase;
			buildActionMask = 2147483647;
			files = (
				B2695C872F54056500AECE31 /* Basso.aiff in Resources */,
				B2695C882F54056500AECE31 /* Blow.aiff in Resources */,
				B2695C822F54053500AECE31 /* Sosumi.aiff in Resources */,
				B2695C842F54053F00AECE31 /* Funk.aiff in Resources */,
				B2CAC02C2F4C314B000072C7 /* adb in Resources */,
				B2CAC0232F4C2FE5000072C7 /* Assets.xcassets in Resources */,
			);
			runOnlyForDeploymentPostprocessing = 0;
		};
		B2CABFFE2F4C2F8E000072C7 /* Resources */ = {
			isa = PBXResourcesBuildPhase;
			buildActionMask = 2147483647;
			files = (
			);
			runOnlyForDeploymentPostprocessing = 0;
		};
		B2CAC0082F4C2F8E000072C7 /* Resources */ = {
			isa = PBXResourcesBuildPhase;
			buildActionMask = 2147483647;
			files = (
			);
			runOnlyForDeploymentPostprocessing = 0;
		};
/* End PBXResourcesBuildPhase section */

/* Begin PBXSourcesBuildPhase section */
		B2CABFEF2F4C2F8D000072C7 /* Sources */ = {
			isa = PBXSourcesBuildPhase;
			buildActionMask = 2147483647;
			files = (
				B26402442F55C627004AD8C0 /* AdvancedSettingsView.swift in Sources */,
				B2CAC02E2F4C32C7000072C7 /* FAQData.swift in Sources */,
				B2C4254C2F51E4EF00B5981A /* MacBridgeApp.swift in Sources */,
				B29A9EDA2F51E26200CFAE37 /* PreferencesView.swift in Sources */,
				B2822C1D2F52C68A00FFC06E /* ReadMe.swift in Sources */,
				B2CAC0282F4C30F1000072C7 /* MacBridge.swift in Sources */,
				B2CAC02A2F4C3125000072C7 /* ContentView.swift in Sources */,
			);
			runOnlyForDeploymentPostprocessing = 0;
		};
		B2CABFFC2F4C2F8E000072C7 /* Sources */ = {
			isa = PBXSourcesBuildPhase;
			buildActionMask = 2147483647;
			files = (
			);
			runOnlyForDeploymentPostprocessing = 0;
		};
		B2CAC0062F4C2F8E000072C7 /* Sources */ = {
			isa = PBXSourcesBuildPhase;
			buildActionMask = 2147483647;
			files = (
			);
			runOnlyForDeploymentPostprocessing = 0;
		};
/* End PBXSourcesBuildPhase section */

/* Begin PBXTargetDependency section */
		B2CAC0022F4C2F8E000072C7 /* PBXTargetDependency */ = {
			isa = PBXTargetDependency;
			target = B2CABFF22F4C2F8D000072C7 /* MacBridge */;
			targetProxy = B2CAC0012F4C2F8E000072C7 /* PBXContainerItemProxy */;
		};
		B2CAC00C2F4C2F8E000072C7 /* PBXTargetDependency */ = {
			isa = PBXTargetDependency;
			target = B2CABFF22F4C2F8D000072C7 /* MacBridge */;
			targetProxy = B2CAC00B2F4C2F8E000072C7 /* PBXContainerItemProxy */;
		};
/* End PBXTargetDependency section */

/* Begin XCBuildConfiguration section */
		B2CAC0122F4C2F8E000072C7 /* Debug */ = {
			isa = XCBuildConfiguration;
			buildSettings = {
				ALWAYS_SEARCH_USER_PATHS = NO;
				ASSETCATALOG_COMPILER_GENERATE_SWIFT_ASSET_SYMBOL_EXTENSIONS = YES;
				CLANG_ANALYZER_NONNULL = YES;
				CLANG_ANALYZER_NUMBER_OBJECT_CONVERSION = YES_AGGRESSIVE;
				CLANG_CXX_LANGUAGE_STANDARD = "gnu++20";
				CLANG_ENABLE_MODULES = YES;
				CLANG_ENABLE_OBJC_ARC = YES;
				CLANG_ENABLE_OBJC_WEAK = YES;
				CLANG_WARN_BLOCK_CAPTURE_AUTORELEASING = YES;
				CLANG_WARN_BOOL_CONVERSION = YES;
				CLANG_WARN_COMMA = YES;
				CLANG_WARN_CONSTANT_CONVERSION = YES;
				CLANG_WARN_DEPRECATED_OBJC_IMPLEMENTATIONS = YES;
				CLANG_WARN_DIRECT_OBJC_ISA_USAGE = YES_ERROR;
				CLANG_WARN_DOCUMENTATION_COMMENTS = YES;
				CLANG_WARN_EMPTY_BODY = YES;
				CLANG_WARN_ENUM_CONVERSION = YES;
				CLANG_WARN_INFINITE_RECURSION = YES;
				CLANG_WARN_INT_CONVERSION = YES;
				CLANG_WARN_NON_LITERAL_NULL_CONVERSION = YES;
				CLANG_WARN_OBJC_IMPLICIT_RETAIN_SELF = YES;
				CLANG_WARN_OBJC_LITERAL_CONVERSION = YES;
				CLANG_WARN_OBJC_ROOT_CLASS = YES_ERROR;
				CLANG_WARN_QUOTED_INCLUDE_IN_FRAMEWORK_HEADER = YES;
				CLANG_WARN_RANGE_LOOP_ANALYSIS = YES;
				CLANG_WARN_STRICT_PROTOTYPES = YES;
				CLANG_WARN_SUSPICIOUS_MOVE = YES;
				CLANG_WARN_UNGUARDED_AVAILABILITY = YES_AGGRESSIVE;
				CLANG_WARN_UNREACHABLE_CODE = YES;
				CLANG_WARN__DUPLICATE_METHOD_MATCH = YES;
				COPY_PHASE_STRIP = NO;
				DEBUG_INFORMATION_FORMAT = dwarf;
				DEVELOPMENT_TEAM = SY9297RZUN;
				ENABLE_STRICT_OBJC_MSGSEND = YES;
				ENABLE_TESTABILITY = YES;
				ENABLE_USER_SCRIPT_SANDBOXING = YES;
				GCC_C_LANGUAGE_STANDARD = gnu17;
				GCC_DYNAMIC_NO_PIC = NO;
				GCC_NO_COMMON_BLOCKS = YES;
				GCC_OPTIMIZATION_LEVEL = 0;
				GCC_PREPROCESSOR_DEFINITIONS = (
					"DEBUG=1",
					"$(inherited)",
				);
				GCC_WARN_64_TO_32_BIT_CONVERSION = YES;
				GCC_WARN_ABOUT_RETURN_TYPE = YES_ERROR;
				GCC_WARN_UNDECLARED_SELECTOR = YES;
				GCC_WARN_UNINITIALIZED_AUTOS = YES_AGGRESSIVE;
				GCC_WARN_UNUSED_FUNCTION = YES;
				GCC_WARN_UNUSED_VARIABLE = YES;
				LOCALIZATION_PREFERS_STRING_CATALOGS = YES;
				MACOSX_DEPLOYMENT_TARGET = 15.6;
				MTL_ENABLE_DEBUG_INFO = INCLUDE_SOURCE;
				MTL_FAST_MATH = YES;
				ONLY_ACTIVE_ARCH = YES;
				SDKROOT = macosx;
				SWIFT_ACTIVE_COMPILATION_CONDITIONS = "DEBUG $(inherited)";
				SWIFT_OPTIMIZATION_LEVEL = "-Onone";
			};
			name = Debug;
		};
		B2CAC0132F4C2F8E000072C7 /* Release */ = {
			isa = XCBuildConfiguration;
			buildSettings = {
				ALWAYS_SEARCH_USER_PATHS = NO;
				ASSETCATALOG_COMPILER_GENERATE_SWIFT_ASSET_SYMBOL_EXTENSIONS = YES;
				CLANG_ANALYZER_NONNULL = YES;
				CLANG_ANALYZER_NUMBER_OBJECT_CONVERSION = YES_AGGRESSIVE;
				CLANG_CXX_LANGUAGE_STANDARD = "gnu++20";
				CLANG_ENABLE_MODULES = YES;
				CLANG_ENABLE_OBJC_ARC = YES;
				CLANG_ENABLE_OBJC_WEAK = YES;
				CLANG_WARN_BLOCK_CAPTURE_AUTORELEASING = YES;
				CLANG_WARN_BOOL_CONVERSION = YES;
				CLANG_WARN_COMMA = YES;
				CLANG_WARN_CONSTANT_CONVERSION = YES;
				CLANG_WARN_DEPRECATED_OBJC_IMPLEMENTATIONS = YES;
				CLANG_WARN_DIRECT_OBJC_ISA_USAGE = YES_ERROR;
				CLANG_WARN_DOCUMENTATION_COMMENTS = YES;
				CLANG_WARN_EMPTY_BODY = YES;
				CLANG_WARN_ENUM_CONVERSION = YES;
				CLANG_WARN_INFINITE_RECURSION = YES;
				CLANG_WARN_INT_CONVERSION = YES;
				CLANG_WARN_NON_LITERAL_NULL_CONVERSION = YES;
				CLANG_WARN_OBJC_IMPLICIT_RETAIN_SELF = YES;
				CLANG_WARN_OBJC_LITERAL_CONVERSION = YES;
				CLANG_WARN_OBJC_ROOT_CLASS = YES_ERROR;
				CLANG_WARN_QUOTED_INCLUDE_IN_FRAMEWORK_HEADER = YES;
				CLANG_WARN_RANGE_LOOP_ANALYSIS = YES;
				CLANG_WARN_STRICT_PROTOTYPES = YES;
				CLANG_WARN_SUSPICIOUS_MOVE = YES;
				CLANG_WARN_UNGUARDED_AVAILABILITY = YES_AGGRESSIVE;
				CLANG_WARN_UNREACHABLE_CODE = YES;
				CLANG_WARN__DUPLICATE_METHOD_MATCH = YES;
				COPY_PHASE_STRIP = NO;
				DEBUG_INFORMATION_FORMAT = "dwarf-with-dsym";
				DEVELOPMENT_TEAM = SY9297RZUN;
				ENABLE_NS_ASSERTIONS = NO;
				ENABLE_STRICT_OBJC_MSGSEND = YES;
				ENABLE_USER_SCRIPT_SANDBOXING = YES;
				GCC_C_LANGUAGE_STANDARD = gnu17;
				GCC_NO_COMMON_BLOCKS = YES;
				GCC_WARN_64_TO_32_BIT_CONVERSION = YES;
				GCC_WARN_ABOUT_RETURN_TYPE = YES_ERROR;
				GCC_WARN_UNDECLARED_SELECTOR = YES;
				GCC_WARN_UNINITIALIZED_AUTOS = YES_AGGRESSIVE;
				GCC_WARN_UNUSED_FUNCTION = YES;
				GCC_WARN_UNUSED_VARIABLE = YES;
				LOCALIZATION_PREFERS_STRING_CATALOGS = YES;
				MACOSX_DEPLOYMENT_TARGET = 15.6;
				MTL_ENABLE_DEBUG_INFO = NO;
				MTL_FAST_MATH = YES;
				SDKROOT = macosx;
				SWIFT_COMPILATION_MODE = wholemodule;
			};
			name = Release;
		};
		B2CAC0152F4C2F8E000072C7 /* Debug */ = {
			isa = XCBuildConfiguration;
			buildSettings = {
				ASSETCATALOG_COMPILER_APPICON_NAME = AppIcon;
				ASSETCATALOG_COMPILER_GLOBAL_ACCENT_COLOR_NAME = AccentColor;
				CODE_SIGN_STYLE = Automatic;
				COMBINE_HIDPI_IMAGES = YES;
				CURRENT_PROJECT_VERSION = 1;
				DEVELOPMENT_TEAM = SY9297RZUN;
				ENABLE_APP_SANDBOX = NO;
				ENABLE_HARDENED_RUNTIME = YES;
				ENABLE_PREVIEWS = YES;
				GENERATE_INFOPLIST_FILE = YES;
				INFOPLIST_KEY_NSHumanReadableCopyright = "";
				LD_RUNPATH_SEARCH_PATHS = (
					"$(inherited)",
					"@executable_path/../Frameworks",
				);
				MARKETING_VERSION = 1.0;
				PRODUCT_BUNDLE_IDENTIFIER = AVM.MacBridge;
				PRODUCT_NAME = "$(TARGET_NAME)";
				REGISTER_APP_GROUPS = YES;
				STRING_CATALOG_GENERATE_SYMBOLS = YES;
				SWIFT_APPROACHABLE_CONCURRENCY = YES;
				SWIFT_DEFAULT_ACTOR_ISOLATION = MainActor;
				SWIFT_EMIT_LOC_STRINGS = YES;
				SWIFT_UPCOMING_FEATURE_MEMBER_IMPORT_VISIBILITY = YES;
				SWIFT_VERSION = 5.0;
			};
			name = Debug;
		};
		B2CAC0162F4C2F8E000072C7 /* Release */ = {
			isa = XCBuildConfiguration;
			buildSettings = {
				ASSETCATALOG_COMPILER_APPICON_NAME = AppIcon;
				ASSETCATALOG_COMPILER_GLOBAL_ACCENT_COLOR_NAME = AccentColor;
				CODE_SIGN_STYLE = Automatic;
				COMBINE_HIDPI_IMAGES = YES;
				CURRENT_PROJECT_VERSION = 1;
				DEVELOPMENT_TEAM = SY9297RZUN;
				ENABLE_APP_SANDBOX = NO;
				ENABLE_HARDENED_RUNTIME = YES;
				ENABLE_PREVIEWS = YES;
				GENERATE_INFOPLIST_FILE = YES;
				INFOPLIST_KEY_NSHumanReadableCopyright = "";
				LD_RUNPATH_SEARCH_PATHS = (
					"$(inherited)",
					"@executable_path/../Frameworks",
				);
				MARKETING_VERSION = 1.0;
				PRODUCT_BUNDLE_IDENTIFIER = AVM.MacBridge;
				PRODUCT_NAME = "$(TARGET_NAME)";
				REGISTER_APP_GROUPS = YES;
				STRING_CATALOG_GENERATE_SYMBOLS = YES;
				SWIFT_APPROACHABLE_CONCURRENCY = YES;
				SWIFT_DEFAULT_ACTOR_ISOLATION = MainActor;
				SWIFT_EMIT_LOC_STRINGS = YES;
				SWIFT_UPCOMING_FEATURE_MEMBER_IMPORT_VISIBILITY = YES;
				SWIFT_VERSION = 5.0;
			};
			name = Release;
		};
		B2CAC0182F4C2F8E000072C7 /* Debug */ = {
			isa = XCBuildConfiguration;
			buildSettings = {
				BUNDLE_LOADER = "$(TEST_HOST)";
				CODE_SIGN_STYLE = Automatic;
				CURRENT_PROJECT_VERSION = 1;
				DEVELOPMENT_TEAM = SY9297RZUN;
				GENERATE_INFOPLIST_FILE = YES;
				MACOSX_DEPLOYMENT_TARGET = 15.6;
				MARKETING_VERSION = 1.0;
				PRODUCT_BUNDLE_IDENTIFIER = AVM.MacBridgeTests;
				PRODUCT_NAME = "$(TARGET_NAME)";
				STRING_CATALOG_GENERATE_SYMBOLS = NO;
				SWIFT_APPROACHABLE_CONCURRENCY = YES;
				SWIFT_EMIT_LOC_STRINGS = NO;
				SWIFT_UPCOMING_FEATURE_MEMBER_IMPORT_VISIBILITY = YES;
				SWIFT_VERSION = 5.0;
				TEST_HOST = "$(BUILT_PRODUCTS_DIR)/MacBridge.app/$(BUNDLE_EXECUTABLE_FOLDER_PATH)/MacBridge";
			};
			name = Debug;
		};
		B2CAC0192F4C2F8E000072C7 /* Release */ = {
			isa = XCBuildConfiguration;
			buildSettings = {
				BUNDLE_LOADER = "$(TEST_HOST)";
				CODE_SIGN_STYLE = Automatic;
				CURRENT_PROJECT_VERSION = 1;
				DEVELOPMENT_TEAM = SY9297RZUN;
				GENERATE_INFOPLIST_FILE = YES;
				MACOSX_DEPLOYMENT_TARGET = 15.6;
				MARKETING_VERSION = 1.0;
				PRODUCT_BUNDLE_IDENTIFIER = AVM.MacBridgeTests;
				PRODUCT_NAME = "$(TARGET_NAME)";
				STRING_CATALOG_GENERATE_SYMBOLS = NO;
				SWIFT_APPROACHABLE_CONCURRENCY = YES;
				SWIFT_EMIT_LOC_STRINGS = NO;
				SWIFT_UPCOMING_FEATURE_MEMBER_IMPORT_VISIBILITY = YES;
				SWIFT_VERSION = 5.0;
				TEST_HOST = "$(BUILT_PRODUCTS_DIR)/MacBridge.app/$(BUNDLE_EXECUTABLE_FOLDER_PATH)/MacBridge";
			};
			name = Release;
		};
		B2CAC01B2F4C2F8E000072C7 /* Debug */ = {
			isa = XCBuildConfiguration;
			buildSettings = {
				CODE_SIGN_STYLE = Automatic;
				CURRENT_PROJECT_VERSION = 1;
				DEVELOPMENT_TEAM = SY9297RZUN;
				GENERATE_INFOPLIST_FILE = YES;
				MARKETING_VERSION = 1.0;
				PRODUCT_BUNDLE_IDENTIFIER = AVM.MacBridgeUITests;
				PRODUCT_NAME = "$(TARGET_NAME)";
				STRING_CATALOG_GENERATE_SYMBOLS = NO;
				SWIFT_APPROACHABLE_CONCURRENCY = YES;
				SWIFT_EMIT_LOC_STRINGS = NO;
				SWIFT_UPCOMING_FEATURE_MEMBER_IMPORT_VISIBILITY = YES;
				SWIFT_VERSION = 5.0;
				TEST_TARGET_NAME = MacBridge;
			};
			name = Debug;
		};
		B2CAC01C2F4C2F8E000072C7 /* Release */ = {
			isa = XCBuildConfiguration;
			buildSettings = {
				CODE_SIGN_STYLE = Automatic;
				CURRENT_PROJECT_VERSION = 1;
				DEVELOPMENT_TEAM = SY9297RZUN;
				GENERATE_INFOPLIST_FILE = YES;
				MARKETING_VERSION = 1.0;
				PRODUCT_BUNDLE_IDENTIFIER = AVM.MacBridgeUITests;
				PRODUCT_NAME = "$(TARGET_NAME)";
				STRING_CATALOG_GENERATE_SYMBOLS = NO;
				SWIFT_APPROACHABLE_CONCURRENCY = YES;
				SWIFT_EMIT_LOC_STRINGS = NO;
				SWIFT_UPCOMING_FEATURE_MEMBER_IMPORT_VISIBILITY = YES;
				SWIFT_VERSION = 5.0;
				TEST_TARGET_NAME = MacBridge;
			};
			name = Release;
		};
/* End XCBuildConfiguration section */

/* Begin XCConfigurationList section */
		B2CABFEE2F4C2F8D000072C7 /* Build configuration list for PBXProject "MacBridge" */ = {
			isa = XCConfigurationList;
			buildConfigurations = (
				B2CAC0122F4C2F8E000072C7 /* Debug */,
				B2CAC0132F4C2F8E000072C7 /* Release */,
			);
			defaultConfigurationIsVisible = 0;
			defaultConfigurationName = Release;
		};
		B2CAC0142F4C2F8E000072C7 /* Build configuration list for PBXNativeTarget "MacBridge" */ = {
			isa = XCConfigurationList;
			buildConfigurations = (
				B2CAC0152F4C2F8E000072C7 /* Debug */,
				B2CAC0162F4C2F8E000072C7 /* Release */,
			);
			defaultConfigurationIsVisible = 0;
			defaultConfigurationName = Release;
		};
		B2CAC0172F4C2F8E000072C7 /* Build configuration list for PBXNativeTarget "MacBridgeTests" */ = {
			isa = XCConfigurationList;
			buildConfigurations = (
				B2CAC0182F4C2F8E000072C7 /* Debug */,
				B2CAC0192F4C2F8E000072C7 /* Release */,
			);
			defaultConfigurationIsVisible = 0;
			defaultConfigurationName = Release;
		};
		B2CAC01A2F4C2F8E000072C7 /* Build configuration list for PBXNativeTarget "MacBridgeUITests" */ = {
			isa = XCConfigurationList;
			buildConfigurations = (
				B2CAC01B2F4C2F8E000072C7 /* Debug */,
				B2CAC01C2F4C2F8E000072C7 /* Release */,
			);
			defaultConfigurationIsVisible = 0;
			defaultConfigurationName = Release;
		};
/* End XCConfigurationList section */
	};
	rootObject = B2CABFEB2F4C2F8D000072C7 /* Project object */;
}
